{
    "_readme": [
        "This file locks the dependencies of your project to a known state",
        "Read more about it at https://getcomposer.org/doc/01-basic-usage.md#composer-lock-the-lock-file",
        "This file is @generated automatically"
    ],
    "hash": "f4b06e5f09c961bbd92dcd40ba642894",
    "packages": [
        {
            "name": "neomerx/json-api",
            "version": "v0.5.13",
            "source": {
                "type": "git",
                "url": "https://github.com/neomerx/json-api.git",
                "reference": "638fea589f3cca7773d73f5d3f9e59c72fe47435"
            },
            "dist": {
                "type": "zip",
                "url": "https://api.github.com/repos/neomerx/json-api/zipball/638fea589f3cca7773d73f5d3f9e59c72fe47435",
                "reference": "638fea589f3cca7773d73f5d3f9e59c72fe47435",
                "shasum": ""
            },
            "require": {
                "php": ">=5.5.0"
            },
            "require-dev": {
                "mockery/mockery": "~0.9.4",
                "phpunit/phpunit": "~4.6",
                "scrutinizer/ocular": "~1.1",
                "squizlabs/php_codesniffer": "2.*"
            },
            "type": "library",
            "autoload": {
                "psr-4": {
                    "Neomerx\\JsonApi\\": "src/"
                }
            },
            "notification-url": "https://packagist.org/downloads/",
            "license": [
                "Apache-2.0"
            ],
            "authors": [
                {
                    "name": "neomerx",
                    "email": "info@neomerx.com"
                }
            ],
            "description": "Framework agnostic JSON API (jsonapi.org) implementation",
            "homepage": "https://github.com/neomerx/json-api",
            "keywords": [
                "JSON-API",
                "api",
                "json",
                "jsonapi",
                "jsonapi.org",
                "neomerx"
            ],
            "time": "2015-09-01 12:26:05"
        }
    ],
    "packages-dev": [],
    "aliases": [],
    "minimum-stability": "stable",
    "stability-flags": [],
    "prefer-stable": false,
    "prefer-lowest": false,
    "platform": [],
    "platform-dev": []
}
